
Microsoft Visual Studio Solution File, Format Version 12.00
# Visual Studio Version 17
VisualStudioVersion = 17.6.33815.320
MinimumVisualStudioVersion = 10.0.40219.1
Project("{FAE04EC0-301F-11D3-BF4B-00C04F79EFBC}") = "ValidationswithDA", "ValidationswithDA\ValidationswithDA.csproj", "{E727B1E8-1A46-4401-B56A-0AD8BB776C2E}"
EndProject
Global
	GlobalSection(SolutionConfigurationPlatforms) = preSolution
		Debug|Any CPU = Debug|Any CPU
		Release|Any CPU = Release|Any CPU
	EndGlobalSection
	GlobalSection(ProjectConfigurationPlatforms) = postSolution
		{E727B1E8-1A46-4401-B56A-0AD8BB776C2E}.Debug|Any CPU.ActiveCfg = Debug|Any CPU
		{E727B1E8-1A46-4401-B56A-0AD8BB776C2E}.Debug|Any CPU.Build.0 = Debug|Any CPU
		{E727B1E8-1A46-4401-B56A-0AD8BB776C2E}.Release|Any CPU.ActiveCfg = Release|Any CPU
		{E727B1E8-1A46-4401-B56A-0AD8BB776C2E}.Release|Any CPU.Build.0 = Release|Any CPU
	EndGlobalSection
	GlobalSection(SolutionProperties) = preSolution
		HideSolutionNode = FALSE
	EndGlobalSection
	GlobalSection(ExtensibilityGlobals) = postSolution
		SolutionGuid = {4BF7D7F9-C146-4360-AD4A-E0C94ED87F02}
	EndGlobalSection
EndGlobal
